
Microsoft Visual Studio Solution File, Format Version 12.00
# Visual Studio Version 17
VisualStudioVersion = 17.4.33205.214
MinimumVisualStudioVersion = 10.0.40219.1
Project("{9A19103F-16F7-4668-BE54-9A1E7A4F7556}") = "Validation", "Validation\Validation.csproj", "{50FFD21E-6AF8-47F7-A910-982CE1995957}"
EndProject
Project("{9A19103F-16F7-4668-BE54-9A1E7A4F7556}") = "Tests", "Tests\Tests.csproj", "{D2B2C9E8-40A7-4960-90DE-08CB16F5226B}"
EndProject
Project("{2150E333-8FDC-42A3-9474-1A3956D46DE8}") = "Solution Items", "Solution Items", "{C73536C5-F4A5-4709-B838-5E97CDB0FAC5}"
	ProjectSection(SolutionItems) = preProject
		ReadMe.MD = ReadMe.MD
	EndProjectSection
EndProject
Global
	GlobalSection(SolutionConfigurationPlatforms) = preSolution
		Debug|Any CPU = Debug|Any CPU
		Release|Any CPU = Release|Any CPU
	EndGlobalSection
	GlobalSection(ProjectConfigurationPlatforms) = postSolution
		{50FFD21E-6AF8-47F7-A910-982CE1995957}.Debug|Any CPU.ActiveCfg = Debug|Any CPU
		{50FFD21E-6AF8-47F7-A910-982CE1995957}.Debug|Any CPU.Build.0 = Debug|Any CPU
		{50FFD21E-6AF8-47F7-A910-982CE1995957}.Release|Any CPU.ActiveCfg = Release|Any CPU
		{50FFD21E-6AF8-47F7-A910-982CE1995957}.Release|Any CPU.Build.0 = Release|Any CPU
		{D2B2C9E8-40A7-4960-90DE-08CB16F5226B}.Debug|Any CPU.ActiveCfg = Debug|Any CPU
		{D2B2C9E8-40A7-4960-90DE-08CB16F5226B}.Debug|Any CPU.Build.0 = Debug|Any CPU
		{D2B2C9E8-40A7-4960-90DE-08CB16F5226B}.Release|Any CPU.ActiveCfg = Release|Any CPU
		{D2B2C9E8-40A7-4960-90DE-08CB16F5226B}.Release|Any CPU.Build.0 = Release|Any CPU
	EndGlobalSection
	GlobalSection(SolutionProperties) = preSolution
		HideSolutionNode = FALSE
	EndGlobalSection
	GlobalSection(ExtensibilityGlobals) = postSolution
		SolutionGuid = {279FE99B-C779-4774-9404-49A67FE4702E}
	EndGlobalSection
EndGlobal
